
Microsoft Visual Studio Solution File, Format Version 12.00
# Visual Studio Version 17
VisualStudioVersion = 17.11.35312.102
MinimumVisualStudioVersion = 10.0.40219.1
Project("{FAE04EC0-301F-11D3-BF4B-00C04F79EFBC}") = "AhorcadoCliente", "AhorcadoCliente\AhorcadoCliente.csproj", "{EDE4FE17-2B0F-4055-96B9-836FC72C2209}"
EndProject
Global
	GlobalSection(SolutionConfigurationPlatforms) = preSolution
		Debug|Any CPU = Debug|Any CPU
		Release|Any CPU = Release|Any CPU
	EndGlobalSection
	GlobalSection(ProjectConfigurationPlatforms) = postSolution
		{EDE4FE17-2B0F-4055-96B9-836FC72C2209}.Debug|Any CPU.ActiveCfg = Debug|Any CPU
		{EDE4FE17-2B0F-4055-96B9-836FC72C2209}.Debug|Any CPU.Build.0 = Debug|Any CPU
		{EDE4FE17-2B0F-4055-96B9-836FC72C2209}.Release|Any CPU.ActiveCfg = Release|Any CPU
		{EDE4FE17-2B0F-4055-96B9-836FC72C2209}.Release|Any CPU.Build.0 = Release|Any CPU
	EndGlobalSection
	GlobalSection(SolutionProperties) = preSolution
		HideSolutionNode = FALSE
	EndGlobalSection
	GlobalSection(ExtensibilityGlobals) = postSolution
		SolutionGuid = {D9938980-E408-4A4B-B384-75F50A019BC5}
	EndGlobalSection
EndGlobal
